
Microsoft Visual Studio Solution File, Format Version 12.00
# Visual Studio 15
VisualStudioVersion = 15.0.26124.0
MinimumVisualStudioVersion = 15.0.26124.0
Project("{FAE04EC0-301F-11D3-BF4B-00C04F79EFBC}") = "Webapi.NetCore22", "Webapi.NetCore22\Webapi.NetCore22.csproj", "{7E28531E-1681-4AB5-A607-166C14FAB364}"
EndProject
Project("{FAE04EC0-301F-11D3-BF4B-00C04F79EFBC}") = "Webapi.NetCore31", "Webapi.NetCore31\Webapi.NetCore31.csproj", "{91636F37-44F6-46CF-9FD8-14021A1DF76D}"
EndProject
Global
	GlobalSection(SolutionConfigurationPlatforms) = preSolution
		Debug|Any CPU = Debug|Any CPU
		Debug|x64 = Debug|x64
		Debug|x86 = Debug|x86
		Release|Any CPU = Release|Any CPU
		Release|x64 = Release|x64
		Release|x86 = Release|x86
	EndGlobalSection
	GlobalSection(SolutionProperties) = preSolution
		HideSolutionNode = FALSE
	EndGlobalSection
	GlobalSection(ProjectConfigurationPlatforms) = postSolution
		{7E28531E-1681-4AB5-A607-166C14FAB364}.Debug|Any CPU.ActiveCfg = Debug|Any CPU
		{7E28531E-1681-4AB5-A607-166C14FAB364}.Debug|Any CPU.Build.0 = Debug|Any CPU
		{7E28531E-1681-4AB5-A607-166C14FAB364}.Debug|x64.ActiveCfg = Debug|Any CPU
		{7E28531E-1681-4AB5-A607-166C14FAB364}.Debug|x64.Build.0 = Debug|Any CPU
		{7E28531E-1681-4AB5-A607-166C14FAB364}.Debug|x86.ActiveCfg = Debug|Any CPU
		{7E28531E-1681-4AB5-A607-166C14FAB364}.Debug|x86.Build.0 = Debug|Any CPU
		{7E28531E-1681-4AB5-A607-166C14FAB364}.Release|Any CPU.ActiveCfg = Release|Any CPU
		{7E28531E-1681-4AB5-A607-166C14FAB364}.Release|Any CPU.Build.0 = Release|Any CPU
		{7E28531E-1681-4AB5-A607-166C14FAB364}.Release|x64.ActiveCfg = Release|Any CPU
		{7E28531E-1681-4AB5-A607-166C14FAB364}.Release|x64.Build.0 = Release|Any CPU
		{7E28531E-1681-4AB5-A607-166C14FAB364}.Release|x86.ActiveCfg = Release|Any CPU
		{7E28531E-1681-4AB5-A607-166C14FAB364}.Release|x86.Build.0 = Release|Any CPU
		{91636F37-44F6-46CF-9FD8-14021A1DF76D}.Debug|Any CPU.ActiveCfg = Debug|Any CPU
		{91636F37-44F6-46CF-9FD8-14021A1DF76D}.Debug|Any CPU.Build.0 = Debug|Any CPU
		{91636F37-44F6-46CF-9FD8-14021A1DF76D}.Debug|x64.ActiveCfg = Debug|Any CPU
		{91636F37-44F6-46CF-9FD8-14021A1DF76D}.Debug|x64.Build.0 = Debug|Any CPU
		{91636F37-44F6-46CF-9FD8-14021A1DF76D}.Debug|x86.ActiveCfg = Debug|Any CPU
		{91636F37-44F6-46CF-9FD8-14021A1DF76D}.Debug|x86.Build.0 = Debug|Any CPU
		{91636F37-44F6-46CF-9FD8-14021A1DF76D}.Release|Any CPU.ActiveCfg = Release|Any CPU
		{91636F37-44F6-46CF-9FD8-14021A1DF76D}.Release|Any CPU.Build.0 = Release|Any CPU
		{91636F37-44F6-46CF-9FD8-14021A1DF76D}.Release|x64.ActiveCfg = Release|Any CPU
		{91636F37-44F6-46CF-9FD8-14021A1DF76D}.Release|x64.Build.0 = Release|Any CPU
		{91636F37-44F6-46CF-9FD8-14021A1DF76D}.Release|x86.ActiveCfg = Release|Any CPU
		{91636F37-44F6-46CF-9FD8-14021A1DF76D}.Release|x86.Build.0 = Release|Any CPU
	EndGlobalSection
EndGlobal
